dependencies:
- name: mysql
  repository: https://charts.helm.sh/stable
  version: 1.6.9
- name: postgresql
  repository: https://charts.helm.sh/stable
  version: 5.3.7
- name: mariadb
  repository: https://charts.bitnami.com/bitnami
  version: 15.0.1
digest: sha256:54f9f5f82a907ff7f73c389725ae31a1e1d8610c107c323a82eac6e909bef72b
generated: "2024-01-08T23:11:09.55288936-03:00"
