dependencies:
- name: mysql
  repository: https://charts.helm.sh/stable
  version: 1.6.9
- name: postgresql
  repository: https://charts.helm.sh/stable
  version: 5.3.7
- name: mariadb
  repository: https://charts.bitnami.com/bitnami
  version: 10.5.1
digest: sha256:013f9ea638d3db2467ac8c585f79ff57fc870f39e3e9887df75c53eefcaa4e28
generated: "2022-09-12T17:39:17.970697479-03:00"
