dependencies:
- name: mysql
  repository: https://charts.helm.sh/stable
  version: 1.6.9
- name: postgresql
  repository: https://charts.helm.sh/stable
  version: 5.3.7
- name: mariadb
  repository: https://charts.bitnami.com/bitnami
  version: 9.3.11
digest: sha256:bbad2fd8c8f777870f95d2464b8b8cad4c88b5444d8b1dc1800e966535e1c625
generated: "2021-06-10T09:16:32.335284242-03:00"
